
Microsoft Visual Studio Solution File, Format Version 12.00
# Visual Studio Version 16
VisualStudioVersion = 16.0.29613.14
MinimumVisualStudioVersion = 10.0.40219.1
Project("{FAE04EC0-301F-11D3-BF4B-00C04F79EFBC}") = "razorop", "razorop\razorop.csproj", "{C3E41B84-D7E9-4152-82CD-802816BED0BC}"
EndProject
Global
	GlobalSection(SolutionConfigurationPlatforms) = preSolution
		Debug|Any CPU = Debug|Any CPU
		Release|Any CPU = Release|Any CPU
	EndGlobalSection
	GlobalSection(ProjectConfigurationPlatforms) = postSolution
		{C3E41B84-D7E9-4152-82CD-802816BED0BC}.Debug|Any CPU.ActiveCfg = Debug|Any CPU
		{C3E41B84-D7E9-4152-82CD-802816BED0BC}.Debug|Any CPU.Build.0 = Debug|Any CPU
		{C3E41B84-D7E9-4152-82CD-802816BED0BC}.Release|Any CPU.ActiveCfg = Release|Any CPU
		{C3E41B84-D7E9-4152-82CD-802816BED0BC}.Release|Any CPU.Build.0 = Release|Any CPU
	EndGlobalSection
	GlobalSection(SolutionProperties) = preSolution
		HideSolutionNode = FALSE
	EndGlobalSection
	GlobalSection(ExtensibilityGlobals) = postSolution
		SolutionGuid = {4E7F90CA-5EBC-4392-9EFA-E8C7901E9946}
	EndGlobalSection
EndGlobal
